{
  "version": 4,
  "terraform_version": "1.8.3",
  "serial": 125,
  "lineage": "89722cd0-5237-94eb-458a-0dea323e768d",
  "outputs": {},
  "resources": [
    {
      "module": "module.aca_env",
      "mode": "managed",
      "type": "azurerm_container_app_environment",
      "name": "aca-environment",
      "provider": "provider[\"registry.terraform.io/hashicorp/azurerm\"]",
      "instances": [
        {
          "schema_version": 0,
          "attributes": {
            "dapr_application_insights_connection_string": "",
            "default_domain": "agreeablewave-fb20b0f4.eastus.azurecontainerapps.io",
            "docker_bridge_cidr": "",
            "id": "/subscriptions/47d4f7c1-0c3b-462f-bda1-030cc70a5ae2/resourceGroups/MADGLIME/providers/Microsoft.App/managedEnvironments/aca-environment",
            "infrastructure_resource_group_name": "ME_aca-environment_MADGLIME_eastus",
            "infrastructure_subnet_id": "/subscriptions/47d4f7c1-0c3b-462f-bda1-030cc70a5ae2/resourceGroups/MADGLIME/providers/Microsoft.Network/virtualNetworks/aca_vnet/subnets/aca_subnet",
            "internal_load_balancer_enabled": true,
            "location": "eastus",
            "log_analytics_workspace_id": "",
            "name": "aca-environment",
            "platform_reserved_cidr": "",
            "platform_reserved_dns_ip_address": "",
            "resource_group_name": "MADGLIME",
            "static_ip_address": "192.168.1.13",
            "tags": {},
            "timeouts": null,
            "workload_profile": [
              {
                "maximum_count": 2,
                "minimum_count": 1,
                "name": "wpD4",
                "workload_profile_type": "D4"
              }
            ],
            "zone_redundancy_enabled": true
          },
          "sensitive_attributes": [
            [
              {
                "type": "get_attr",
                "value": "dapr_application_insights_connection_string"
              }
            ]
          ],
          "private": "eyJlMmJmYjczMC1lY2FhLTExZTYtOGY4OC0zNDM2M2JjN2M0YzAiOnsiY3JlYXRlIjoxODAwMDAwMDAwMDAwLCJkZWxldGUiOjE4MDAwMDAwMDAwMDAsInJlYWQiOjMwMDAwMDAwMDAwMCwidXBkYXRlIjoxODAwMDAwMDAwMDAwfX0=",
          "dependencies": [
            "module.aca_subnet.azurerm_subnet.subnet",
            "module.rg.azurerm_resource_group.rg",
            "module.vnet.azurerm_virtual_network.vnet"
          ]
        }
      ]
    },
    {
      "module": "module.aca_subnet",
      "mode": "managed",
      "type": "azurerm_subnet",
      "name": "subnet",
      "provider": "provider[\"registry.terraform.io/hashicorp/azurerm\"]",
      "instances": [
        {
          "schema_version": 0,
          "attributes": {
            "address_prefixes": [
              "192.168.1.0/27"
            ],
            "delegation": [
              {
                "name": "delegation-aca_subnet",
                "service_delegation": [
                  {
                    "actions": [
                      "Microsoft.Network/virtualNetworks/subnets/join/action"
                    ],
                    "name": "Microsoft.App/environments"
                  }
                ]
              }
            ],
            "enforce_private_link_endpoint_network_policies": false,
            "enforce_private_link_service_network_policies": false,
            "id": "/subscriptions/47d4f7c1-0c3b-462f-bda1-030cc70a5ae2/resourceGroups/MADGLIME/providers/Microsoft.Network/virtualNetworks/aca_vnet/subnets/aca_subnet",
            "name": "aca_subnet",
            "private_endpoint_network_policies_enabled": true,
            "private_link_service_network_policies_enabled": true,
            "resource_group_name": "MADGLIME",
            "service_endpoint_policy_ids": [],
            "service_endpoints": [],
            "timeouts": null,
            "virtual_network_name": "aca_vnet"
          },
          "sensitive_attributes": [],
          "private": "eyJlMmJmYjczMC1lY2FhLTExZTYtOGY4OC0zNDM2M2JjN2M0YzAiOnsiY3JlYXRlIjoxODAwMDAwMDAwMDAwLCJkZWxldGUiOjE4MDAwMDAwMDAwMDAsInJlYWQiOjMwMDAwMDAwMDAwMCwidXBkYXRlIjoxODAwMDAwMDAwMDAwfX0=",
          "dependencies": [
            "module.rg.azurerm_resource_group.rg",
            "module.vnet.azurerm_virtual_network.vnet"
          ]
        }
      ]
    },
    {
      "module": "module.rg",
      "mode": "managed",
      "type": "azurerm_resource_group",
      "name": "rg",
      "provider": "provider[\"registry.terraform.io/hashicorp/azurerm\"]",
      "instances": [
        {
          "schema_version": 0,
          "attributes": {
            "id": "/subscriptions/47d4f7c1-0c3b-462f-bda1-030cc70a5ae2/resourceGroups/MADGLIME",
            "location": "eastus",
            "managed_by": "",
            "name": "MADGLIME",
            "tags": {},
            "timeouts": null
          },
          "sensitive_attributes": [],
          "private": "eyJlMmJmYjczMC1lY2FhLTExZTYtOGY4OC0zNDM2M2JjN2M0YzAiOnsiY3JlYXRlIjo1NDAwMDAwMDAwMDAwLCJkZWxldGUiOjU0MDAwMDAwMDAwMDAsInJlYWQiOjMwMDAwMDAwMDAwMCwidXBkYXRlIjo1NDAwMDAwMDAwMDAwfX0="
        }
      ]
    },
    {
      "module": "module.vnet",
      "mode": "managed",
      "type": "azurerm_virtual_network",
      "name": "vnet",
      "provider": "provider[\"registry.terraform.io/hashicorp/azurerm\"]",
      "instances": [
        {
          "schema_version": 0,
          "attributes": {
            "address_space": [
              "192.168.0.0/16"
            ],
            "bgp_community": "",
            "ddos_protection_plan": [],
            "dns_servers": [],
            "edge_zone": "",
            "encryption": [],
            "flow_timeout_in_minutes": 0,
            "guid": "93569b35-36ba-4f34-b912-a6cf633cebbb",
            "id": "/subscriptions/47d4f7c1-0c3b-462f-bda1-030cc70a5ae2/resourceGroups/MADGLIME/providers/Microsoft.Network/virtualNetworks/aca_vnet",
            "location": "eastus",
            "name": "aca_vnet",
            "resource_group_name": "MADGLIME",
            "subnet": [
              {
                "address_prefix": "192.168.1.0/27",
                "id": "/subscriptions/47d4f7c1-0c3b-462f-bda1-030cc70a5ae2/resourceGroups/MADGLIME/providers/Microsoft.Network/virtualNetworks/aca_vnet/subnets/aca_subnet",
                "name": "aca_subnet",
                "security_group": ""
              },
              {
                "address_prefix": "192.168.2.0/24",
                "id": "/subscriptions/47d4f7c1-0c3b-462f-bda1-030cc70a5ae2/resourceGroups/MADGLIME/providers/Microsoft.Network/virtualNetworks/aca_vnet/subnets/appgw-subnet",
                "name": "appgw-subnet",
                "security_group": "/subscriptions/47d4f7c1-0c3b-462f-bda1-030cc70a5ae2/resourceGroups/MADGLIME/providers/Microsoft.Network/networkSecurityGroups/aca-nsg"
              }
            ],
            "tags": {},
            "timeouts": null
          },
          "sensitive_attributes": [],
          "private": "eyJlMmJmYjczMC1lY2FhLTExZTYtOGY4OC0zNDM2M2JjN2M0YzAiOnsiY3JlYXRlIjoxODAwMDAwMDAwMDAwLCJkZWxldGUiOjE4MDAwMDAwMDAwMDAsInJlYWQiOjMwMDAwMDAwMDAwMCwidXBkYXRlIjoxODAwMDAwMDAwMDAwfX0=",
          "dependencies": [
            "module.rg.azurerm_resource_group.rg"
          ]
        }
      ]
    }
  ],
  "check_results": null
}
