{
  "version": 4,
  "terraform_version": "1.8.3",
  "serial": 146,
  "lineage": "89722cd0-5237-94eb-458a-0dea323e768d",
  "outputs": {},
  "resources": [
    {
      "module": "module.aca",
      "mode": "managed",
      "type": "azurerm_container_app",
      "name": "aca-app",
      "provider": "provider[\"registry.terraform.io/hashicorp/azurerm\"]",
      "instances": [
        {
          "schema_version": 0,
          "attributes": {
            "container_app_environment_id": "/subscriptions/47d4f7c1-0c3b-462f-bda1-030cc70a5ae2/resourceGroups/MADGLIME/providers/Microsoft.App/managedEnvironments/aca-environment",
            "custom_domain_verification_id": "C18C51C7971B2143C4772E3100AEB0331E8625591BB3DA48B22FD7ADFCA44C09",
            "dapr": [],
            "id": "/subscriptions/47d4f7c1-0c3b-462f-bda1-030cc70a5ae2/resourceGroups/MADGLIME/providers/Microsoft.App/containerApps/aca-app",
            "identity": [],
            "ingress": [
              {
                "allow_insecure_connections": false,
                "custom_domain": [],
                "exposed_port": 0,
                "external_enabled": true,
                "fqdn": "aca-app.mangosea-d68c0178.eastus.azurecontainerapps.io",
                "ip_security_restriction": [],
                "target_port": 80,
                "traffic_weight": [
                  {
                    "label": "",
                    "latest_revision": true,
                    "percentage": 100,
                    "revision_suffix": ""
                  }
                ],
                "transport": "auto"
              }
            ],
            "latest_revision_fqdn": "aca-app--i4k41hu.mangosea-d68c0178.eastus.azurecontainerapps.io",
            "latest_revision_name": "aca-app--i4k41hu",
            "location": "eastus",
            "name": "aca-app",
            "outbound_ip_addresses": [],
            "registry": [],
            "resource_group_name": "MADGLIME",
            "revision_mode": "Single",
            "secret": [],
            "tags": null,
            "template": [
              {
                "azure_queue_scale_rule": [],
                "container": [
                  {
                    "args": null,
                    "command": null,
                    "cpu": 0.5,
                    "env": [],
                    "ephemeral_storage": "2Gi",
                    "image": "nginxdemos/hello:0.4",
                    "liveness_probe": [
                      {
                        "failure_count_threshold": 5,
                        "header": [],
                        "host": "",
                        "initial_delay": 1,
                        "interval_seconds": 15,
                        "path": "/",
                        "port": 80,
                        "termination_grace_period_seconds": 0,
                        "timeout": 1,
                        "transport": "HTTP"
                      }
                    ],
                    "memory": "0.5Gi",
                    "name": "codilime-test-app",
                    "readiness_probe": [],
                    "startup_probe": [],
                    "volume_mounts": []
                  }
                ],
                "custom_scale_rule": [],
                "http_scale_rule": [
                  {
                    "authentication": [],
                    "concurrent_requests": "1000",
                    "name": "scale-rule-1000"
                  }
                ],
                "init_container": [],
                "max_replicas": 5,
                "min_replicas": 3,
                "revision_suffix": "",
                "tcp_scale_rule": [],
                "volume": []
              }
            ],
            "timeouts": null,
            "workload_profile_name": "wpD4"
          },
          "sensitive_attributes": [
            [
              {
                "type": "get_attr",
                "value": "custom_domain_verification_id"
              }
            ]
          ],
          "private": "eyJlMmJmYjczMC1lY2FhLTExZTYtOGY4OC0zNDM2M2JjN2M0YzAiOnsiY3JlYXRlIjoxODAwMDAwMDAwMDAwLCJkZWxldGUiOjE4MDAwMDAwMDAwMDAsInJlYWQiOjMwMDAwMDAwMDAwMCwidXBkYXRlIjoxODAwMDAwMDAwMDAwfX0=",
          "dependencies": [
            "module.aca_env.azurerm_container_app_environment.aca-environment",
            "module.aca_subnet.azurerm_subnet.subnet",
            "module.rg.azurerm_resource_group.rg",
            "module.vnet.azurerm_virtual_network.vnet"
          ]
        }
      ]
    },
    {
      "module": "module.aca_env",
      "mode": "managed",
      "type": "azurerm_container_app_environment",
      "name": "aca-environment",
      "provider": "provider[\"registry.terraform.io/hashicorp/azurerm\"]",
      "instances": [
        {
          "schema_version": 0,
          "attributes": {
            "dapr_application_insights_connection_string": "",
            "default_domain": "mangosea-d68c0178.eastus.azurecontainerapps.io",
            "docker_bridge_cidr": "",
            "id": "/subscriptions/47d4f7c1-0c3b-462f-bda1-030cc70a5ae2/resourceGroups/MADGLIME/providers/Microsoft.App/managedEnvironments/aca-environment",
            "infrastructure_resource_group_name": "ME_aca-environment_MADGLIME_eastus",
            "infrastructure_subnet_id": "/subscriptions/47d4f7c1-0c3b-462f-bda1-030cc70a5ae2/resourceGroups/MADGLIME/providers/Microsoft.Network/virtualNetworks/aca_vnet/subnets/aca_subnet",
            "internal_load_balancer_enabled": true,
            "location": "eastus",
            "log_analytics_workspace_id": "",
            "name": "aca-environment",
            "platform_reserved_cidr": "",
            "platform_reserved_dns_ip_address": "",
            "resource_group_name": "MADGLIME",
            "static_ip_address": "192.168.1.4",
            "tags": null,
            "timeouts": null,
            "workload_profile": [
              {
                "maximum_count": 2,
                "minimum_count": 1,
                "name": "wpD4",
                "workload_profile_type": "D4"
              }
            ],
            "zone_redundancy_enabled": true
          },
          "sensitive_attributes": [
            [
              {
                "type": "get_attr",
                "value": "dapr_application_insights_connection_string"
              }
            ]
          ],
          "private": "eyJlMmJmYjczMC1lY2FhLTExZTYtOGY4OC0zNDM2M2JjN2M0YzAiOnsiY3JlYXRlIjoxODAwMDAwMDAwMDAwLCJkZWxldGUiOjE4MDAwMDAwMDAwMDAsInJlYWQiOjMwMDAwMDAwMDAwMCwidXBkYXRlIjoxODAwMDAwMDAwMDAwfX0=",
          "dependencies": [
            "module.aca_subnet.azurerm_subnet.subnet",
            "module.rg.azurerm_resource_group.rg",
            "module.vnet.azurerm_virtual_network.vnet"
          ]
        }
      ]
    },
    {
      "module": "module.aca_subnet",
      "mode": "managed",
      "type": "azurerm_subnet",
      "name": "subnet",
      "provider": "provider[\"registry.terraform.io/hashicorp/azurerm\"]",
      "instances": [
        {
          "schema_version": 0,
          "attributes": {
            "address_prefixes": [
              "192.168.1.0/27"
            ],
            "delegation": [
              {
                "name": "delegation-aca_subnet",
                "service_delegation": [
                  {
                    "actions": [
                      "Microsoft.Network/virtualNetworks/subnets/join/action"
                    ],
                    "name": "Microsoft.App/environments"
                  }
                ]
              }
            ],
            "enforce_private_link_endpoint_network_policies": false,
            "enforce_private_link_service_network_policies": false,
            "id": "/subscriptions/47d4f7c1-0c3b-462f-bda1-030cc70a5ae2/resourceGroups/MADGLIME/providers/Microsoft.Network/virtualNetworks/aca_vnet/subnets/aca_subnet",
            "name": "aca_subnet",
            "private_endpoint_network_policies_enabled": true,
            "private_link_service_network_policies_enabled": true,
            "resource_group_name": "MADGLIME",
            "service_endpoint_policy_ids": [],
            "service_endpoints": [],
            "timeouts": null,
            "virtual_network_name": "aca_vnet"
          },
          "sensitive_attributes": [],
          "private": "eyJlMmJmYjczMC1lY2FhLTExZTYtOGY4OC0zNDM2M2JjN2M0YzAiOnsiY3JlYXRlIjoxODAwMDAwMDAwMDAwLCJkZWxldGUiOjE4MDAwMDAwMDAwMDAsInJlYWQiOjMwMDAwMDAwMDAwMCwidXBkYXRlIjoxODAwMDAwMDAwMDAwfX0=",
          "dependencies": [
            "module.rg.azurerm_resource_group.rg",
            "module.vnet.azurerm_virtual_network.vnet"
          ]
        }
      ]
    },
    {
      "module": "module.appgtw",
      "mode": "managed",
      "type": "azurerm_application_gateway",
      "name": "aca_appgateway",
      "provider": "provider[\"registry.terraform.io/hashicorp/azurerm\"]",
      "instances": [
        {
          "schema_version": 0,
          "attributes": {
            "authentication_certificate": [],
            "autoscale_configuration": [
              {
                "max_capacity": 10,
                "min_capacity": 2
              }
            ],
            "backend_address_pool": [
              {
                "fqdns": [
                  "aca-app--i4k41hu.mangosea-d68c0178.eastus.azurecontainerapps.io"
                ],
                "id": "/subscriptions/47d4f7c1-0c3b-462f-bda1-030cc70a5ae2/resourceGroups/MADGLIME/providers/Microsoft.Network/applicationGateways/appgeteway/backendAddressPools/backend-address-pool",
                "ip_addresses": [],
                "name": "backend-address-pool"
              }
            ],
            "backend_http_settings": [
              {
                "affinity_cookie_name": "ApplicationGatewayAffinity",
                "authentication_certificate": [],
                "connection_draining": [],
                "cookie_based_affinity": "Disabled",
                "host_name": "",
                "id": "/subscriptions/47d4f7c1-0c3b-462f-bda1-030cc70a5ae2/resourceGroups/MADGLIME/providers/Microsoft.Network/applicationGateways/appgeteway/backendHttpSettingsCollection/backend-http-settings-https",
                "name": "backend-http-settings-https",
                "path": "",
                "pick_host_name_from_backend_address": true,
                "port": 443,
                "probe_id": "/subscriptions/47d4f7c1-0c3b-462f-bda1-030cc70a5ae2/resourceGroups/MADGLIME/providers/Microsoft.Network/applicationGateways/appgeteway/probes/http-health-probe",
                "probe_name": "http-health-probe",
                "protocol": "Https",
                "request_timeout": 20,
                "trusted_root_certificate_names": []
              }
            ],
            "custom_error_configuration": [],
            "enable_http2": false,
            "fips_enabled": false,
            "firewall_policy_id": "/subscriptions/47d4f7c1-0c3b-462f-bda1-030cc70a5ae2/resourceGroups/MADGLIME/providers/Microsoft.Network/applicationGatewayWebApplicationFirewallPolicies/waf_policy",
            "force_firewall_policy_association": false,
            "frontend_ip_configuration": [
              {
                "id": "/subscriptions/47d4f7c1-0c3b-462f-bda1-030cc70a5ae2/resourceGroups/MADGLIME/providers/Microsoft.Network/applicationGateways/appgeteway/frontendIPConfigurations/frontend-ip-configuration",
                "name": "frontend-ip-configuration",
                "private_ip_address": "",
                "private_ip_address_allocation": "Dynamic",
                "private_link_configuration_id": "",
                "private_link_configuration_name": "",
                "public_ip_address_id": "/subscriptions/47d4f7c1-0c3b-462f-bda1-030cc70a5ae2/resourceGroups/MADGLIME/providers/Microsoft.Network/publicIPAddresses/appgateway_ip",
                "subnet_id": ""
              }
            ],
            "frontend_port": [
              {
                "id": "/subscriptions/47d4f7c1-0c3b-462f-bda1-030cc70a5ae2/resourceGroups/MADGLIME/providers/Microsoft.Network/applicationGateways/appgeteway/frontendPorts/frontend-port-http",
                "name": "frontend-port-http",
                "port": 80
              },
              {
                "id": "/subscriptions/47d4f7c1-0c3b-462f-bda1-030cc70a5ae2/resourceGroups/MADGLIME/providers/Microsoft.Network/applicationGateways/appgeteway/frontendPorts/frontend-port-https",
                "name": "frontend-port-https",
                "port": 443
              }
            ],
            "gateway_ip_configuration": [
              {
                "id": "/subscriptions/47d4f7c1-0c3b-462f-bda1-030cc70a5ae2/resourceGroups/MADGLIME/providers/Microsoft.Network/applicationGateways/appgeteway/gatewayIPConfigurations/appgateway-ip",
                "name": "appgateway-ip",
                "subnet_id": "/subscriptions/47d4f7c1-0c3b-462f-bda1-030cc70a5ae2/resourceGroups/MADGLIME/providers/Microsoft.Network/virtualNetworks/aca_vnet/subnets/appgw-subnet"
              }
            ],
            "global": [],
            "http_listener": [
              {
                "custom_error_configuration": [],
                "firewall_policy_id": "",
                "frontend_ip_configuration_id": "/subscriptions/47d4f7c1-0c3b-462f-bda1-030cc70a5ae2/resourceGroups/MADGLIME/providers/Microsoft.Network/applicationGateways/appgeteway/frontendIPConfigurations/frontend-ip-configuration",
                "frontend_ip_configuration_name": "frontend-ip-configuration",
                "frontend_port_id": "/subscriptions/47d4f7c1-0c3b-462f-bda1-030cc70a5ae2/resourceGroups/MADGLIME/providers/Microsoft.Network/applicationGateways/appgeteway/frontendPorts/frontend-port-http",
                "frontend_port_name": "frontend-port-http",
                "host_name": "",
                "host_names": [],
                "id": "/subscriptions/47d4f7c1-0c3b-462f-bda1-030cc70a5ae2/resourceGroups/MADGLIME/providers/Microsoft.Network/applicationGateways/appgeteway/httpListeners/listener-http",
                "name": "listener-http",
                "protocol": "Http",
                "require_sni": false,
                "ssl_certificate_id": "",
                "ssl_certificate_name": "",
                "ssl_profile_id": "",
                "ssl_profile_name": ""
              },
              {
                "custom_error_configuration": [],
                "firewall_policy_id": "",
                "frontend_ip_configuration_id": "/subscriptions/47d4f7c1-0c3b-462f-bda1-030cc70a5ae2/resourceGroups/MADGLIME/providers/Microsoft.Network/applicationGateways/appgeteway/frontendIPConfigurations/frontend-ip-configuration",
                "frontend_ip_configuration_name": "frontend-ip-configuration",
                "frontend_port_id": "/subscriptions/47d4f7c1-0c3b-462f-bda1-030cc70a5ae2/resourceGroups/MADGLIME/providers/Microsoft.Network/applicationGateways/appgeteway/frontendPorts/frontend-port-https",
                "frontend_port_name": "frontend-port-https",
                "host_name": "",
                "host_names": [],
                "id": "/subscriptions/47d4f7c1-0c3b-462f-bda1-030cc70a5ae2/resourceGroups/MADGLIME/providers/Microsoft.Network/applicationGateways/appgeteway/httpListeners/listener-https",
                "name": "listener-https",
                "protocol": "Https",
                "require_sni": false,
                "ssl_certificate_id": "/subscriptions/47d4f7c1-0c3b-462f-bda1-030cc70a5ae2/resourceGroups/MADGLIME/providers/Microsoft.Network/applicationGateways/appgeteway/sslCertificates/golf13.cloud",
                "ssl_certificate_name": "golf13.cloud",
                "ssl_profile_id": "",
                "ssl_profile_name": ""
              }
            ],
            "id": "/subscriptions/47d4f7c1-0c3b-462f-bda1-030cc70a5ae2/resourceGroups/MADGLIME/providers/Microsoft.Network/applicationGateways/appgeteway",
            "identity": [
              {
                "identity_ids": [
                  "/subscriptions/47d4f7c1-0c3b-462f-bda1-030cc70a5ae2/resourceGroups/MADGLIME/providers/Microsoft.ManagedIdentity/userAssignedIdentities/uai"
                ],
                "type": "UserAssigned"
              }
            ],
            "location": "eastus",
            "name": "appgeteway",
            "private_endpoint_connection": [],
            "private_link_configuration": [],
            "probe": [
              {
                "host": "",
                "id": "/subscriptions/47d4f7c1-0c3b-462f-bda1-030cc70a5ae2/resourceGroups/MADGLIME/providers/Microsoft.Network/applicationGateways/appgeteway/probes/http-health-probe",
                "interval": 30,
                "match": [
                  {
                    "body": "",
                    "status_code": [
                      "200-399"
                    ]
                  }
                ],
                "minimum_servers": 0,
                "name": "http-health-probe",
                "path": "/",
                "pick_host_name_from_backend_http_settings": true,
                "port": 0,
                "protocol": "Https",
                "timeout": 30,
                "unhealthy_threshold": 3
              }
            ],
            "redirect_configuration": [
              {
                "id": "/subscriptions/47d4f7c1-0c3b-462f-bda1-030cc70a5ae2/resourceGroups/MADGLIME/providers/Microsoft.Network/applicationGateways/appgeteway/redirectConfigurations/redirect-configuration",
                "include_path": true,
                "include_query_string": true,
                "name": "redirect-configuration",
                "redirect_type": "Permanent",
                "target_listener_id": "/subscriptions/47d4f7c1-0c3b-462f-bda1-030cc70a5ae2/resourceGroups/MADGLIME/providers/Microsoft.Network/applicationGateways/appgeteway/httpListeners/listener-https",
                "target_listener_name": "listener-https",
                "target_url": ""
              }
            ],
            "request_routing_rule": [
              {
                "backend_address_pool_id": "",
                "backend_address_pool_name": "",
                "backend_http_settings_id": "",
                "backend_http_settings_name": "",
                "http_listener_id": "/subscriptions/47d4f7c1-0c3b-462f-bda1-030cc70a5ae2/resourceGroups/MADGLIME/providers/Microsoft.Network/applicationGateways/appgeteway/httpListeners/listener-http",
                "http_listener_name": "listener-http",
                "id": "/subscriptions/47d4f7c1-0c3b-462f-bda1-030cc70a5ae2/resourceGroups/MADGLIME/providers/Microsoft.Network/applicationGateways/appgeteway/requestRoutingRules/request-routing-rule-http",
                "name": "request-routing-rule-http",
                "priority": 1,
                "redirect_configuration_id": "/subscriptions/47d4f7c1-0c3b-462f-bda1-030cc70a5ae2/resourceGroups/MADGLIME/providers/Microsoft.Network/applicationGateways/appgeteway/redirectConfigurations/redirect-configuration",
                "redirect_configuration_name": "redirect-configuration",
                "rewrite_rule_set_id": "",
                "rewrite_rule_set_name": "",
                "rule_type": "Basic",
                "url_path_map_id": "",
                "url_path_map_name": ""
              },
              {
                "backend_address_pool_id": "/subscriptions/47d4f7c1-0c3b-462f-bda1-030cc70a5ae2/resourceGroups/MADGLIME/providers/Microsoft.Network/applicationGateways/appgeteway/backendAddressPools/backend-address-pool",
                "backend_address_pool_name": "backend-address-pool",
                "backend_http_settings_id": "/subscriptions/47d4f7c1-0c3b-462f-bda1-030cc70a5ae2/resourceGroups/MADGLIME/providers/Microsoft.Network/applicationGateways/appgeteway/backendHttpSettingsCollection/backend-http-settings-https",
                "backend_http_settings_name": "backend-http-settings-https",
                "http_listener_id": "/subscriptions/47d4f7c1-0c3b-462f-bda1-030cc70a5ae2/resourceGroups/MADGLIME/providers/Microsoft.Network/applicationGateways/appgeteway/httpListeners/listener-https",
                "http_listener_name": "listener-https",
                "id": "/subscriptions/47d4f7c1-0c3b-462f-bda1-030cc70a5ae2/resourceGroups/MADGLIME/providers/Microsoft.Network/applicationGateways/appgeteway/requestRoutingRules/request-routing-rule-https",
                "name": "request-routing-rule-https",
                "priority": 2,
                "redirect_configuration_id": "",
                "redirect_configuration_name": "",
                "rewrite_rule_set_id": "",
                "rewrite_rule_set_name": "",
                "rule_type": "Basic",
                "url_path_map_id": "",
                "url_path_map_name": ""
              }
            ],
            "resource_group_name": "MADGLIME",
            "rewrite_rule_set": [],
            "sku": [
              {
                "capacity": 0,
                "name": "WAF_v2",
                "tier": "WAF_v2"
              }
            ],
            "ssl_certificate": [
              {
                "data": "",
                "id": "/subscriptions/47d4f7c1-0c3b-462f-bda1-030cc70a5ae2/resourceGroups/MADGLIME/providers/Microsoft.Network/applicationGateways/appgeteway/sslCertificates/golf13.cloud",
                "key_vault_secret_id": "https://key-vault-codi-5hcev5.vault.azure.net/secrets/golf13-cloud/d79c418939d54faf9b814adf3a6a23aa",
                "name": "golf13.cloud",
                "password": "",
                "public_cert_data": ""
              }
            ],
            "ssl_policy": [
              {
                "cipher_suites": [],
                "disabled_protocols": [],
                "min_protocol_version": "",
                "policy_name": "AppGwSslPolicy20150501",
                "policy_type": "Predefined"
              }
            ],
            "ssl_profile": [],
            "tags": null,
            "timeouts": null,
            "trusted_client_certificate": [],
            "trusted_root_certificate": [],
            "url_path_map": [],
            "waf_configuration": [],
            "zones": [
              "1",
              "2",
              "3"
            ]
          },
          "sensitive_attributes": [
            [
              {
                "type": "get_attr",
                "value": "ssl_certificate"
              }
            ]
          ],
          "private": "eyJlMmJmYjczMC1lY2FhLTExZTYtOGY4OC0zNDM2M2JjN2M0YzAiOnsiY3JlYXRlIjo1NDAwMDAwMDAwMDAwLCJkZWxldGUiOjU0MDAwMDAwMDAwMDAsInJlYWQiOjMwMDAwMDAwMDAwMCwidXBkYXRlIjo1NDAwMDAwMDAwMDAwfX0=",
          "dependencies": [
            "module.aca.azurerm_container_app.aca-app",
            "module.aca_env.azurerm_container_app_environment.aca-environment",
            "module.aca_subnet.azurerm_subnet.subnet",
            "module.appgtw.azurerm_public_ip.appgateway_ip",
            "module.appgtw_subnet.azurerm_subnet.subnet",
            "module.keyvault.azurerm_key_vault.keyvault",
            "module.keyvault.azurerm_key_vault_certificate.certificate",
            "module.keyvault.azurerm_role_assignment.role-cert-officer",
            "module.keyvault.data.azurerm_client_config.current",
            "module.keyvault.random_string.random",
            "module.rg.azurerm_resource_group.rg",
            "module.uai.azurerm_user_assigned_identity.uai",
            "module.vnet.azurerm_virtual_network.vnet",
            "module.waf.azurerm_web_application_firewall_policy.waf_policy"
          ]
        }
      ]
    },
    {
      "module": "module.appgtw",
      "mode": "managed",
      "type": "azurerm_public_ip",
      "name": "appgateway_ip",
      "provider": "provider[\"registry.terraform.io/hashicorp/azurerm\"]",
      "instances": [
        {
          "schema_version": 0,
          "attributes": {
            "allocation_method": "Static",
            "ddos_protection_mode": "VirtualNetworkInherited",
            "ddos_protection_plan_id": null,
            "domain_name_label": null,
            "edge_zone": "",
            "fqdn": null,
            "id": "/subscriptions/47d4f7c1-0c3b-462f-bda1-030cc70a5ae2/resourceGroups/MADGLIME/providers/Microsoft.Network/publicIPAddresses/appgateway_ip",
            "idle_timeout_in_minutes": 4,
            "ip_address": "51.8.35.185",
            "ip_tags": null,
            "ip_version": "IPv4",
            "location": "eastus",
            "name": "appgateway_ip",
            "public_ip_prefix_id": null,
            "resource_group_name": "MADGLIME",
            "reverse_fqdn": null,
            "sku": "Standard",
            "sku_tier": "Regional",
            "tags": null,
            "timeouts": null,
            "zones": [
              "1",
              "2",
              "3"
            ]
          },
          "sensitive_attributes": [],
          "private": "eyJlMmJmYjczMC1lY2FhLTExZTYtOGY4OC0zNDM2M2JjN2M0YzAiOnsiY3JlYXRlIjoxODAwMDAwMDAwMDAwLCJkZWxldGUiOjE4MDAwMDAwMDAwMDAsInJlYWQiOjMwMDAwMDAwMDAwMCwidXBkYXRlIjoxODAwMDAwMDAwMDAwfX0=",
          "dependencies": [
            "module.rg.azurerm_resource_group.rg"
          ]
        }
      ]
    },
    {
      "module": "module.appgtw_subnet",
      "mode": "managed",
      "type": "azurerm_subnet",
      "name": "subnet",
      "provider": "provider[\"registry.terraform.io/hashicorp/azurerm\"]",
      "instances": [
        {
          "schema_version": 0,
          "attributes": {
            "address_prefixes": [
              "192.168.2.0/24"
            ],
            "delegation": [],
            "enforce_private_link_endpoint_network_policies": false,
            "enforce_private_link_service_network_policies": false,
            "id": "/subscriptions/47d4f7c1-0c3b-462f-bda1-030cc70a5ae2/resourceGroups/MADGLIME/providers/Microsoft.Network/virtualNetworks/aca_vnet/subnets/appgw-subnet",
            "name": "appgw-subnet",
            "private_endpoint_network_policies_enabled": true,
            "private_link_service_network_policies_enabled": true,
            "resource_group_name": "MADGLIME",
            "service_endpoint_policy_ids": null,
            "service_endpoints": null,
            "timeouts": null,
            "virtual_network_name": "aca_vnet"
          },
          "sensitive_attributes": [],
          "private": "eyJlMmJmYjczMC1lY2FhLTExZTYtOGY4OC0zNDM2M2JjN2M0YzAiOnsiY3JlYXRlIjoxODAwMDAwMDAwMDAwLCJkZWxldGUiOjE4MDAwMDAwMDAwMDAsInJlYWQiOjMwMDAwMDAwMDAwMCwidXBkYXRlIjoxODAwMDAwMDAwMDAwfX0=",
          "dependencies": [
            "module.rg.azurerm_resource_group.rg",
            "module.vnet.azurerm_virtual_network.vnet"
          ]
        }
      ]
    },
    {
      "module": "module.keyvault",
      "mode": "data",
      "type": "azurerm_client_config",
      "name": "current",
      "provider": "provider[\"registry.terraform.io/hashicorp/azurerm\"]",
      "instances": [
        {
          "schema_version": 0,
          "attributes": {
            "client_id": "04b07795-8ddb-461a-bbee-02f9e1bf7b46",
            "id": "Y2xpZW50Q29uZmlncy9jbGllbnRJZD0wNGIwNzc5NS04ZGRiLTQ2MWEtYmJlZS0wMmY5ZTFiZjdiNDY7b2JqZWN0SWQ9ZmRlYmIwNjgtZWUxMC00ZDE0LTk2YzgtOWE1MzdjZDMyMGMwO3N1YnNjcmlwdGlvbklkPTQ3ZDRmN2MxLTBjM2ItNDYyZi1iZGExLTAzMGNjNzBhNWFlMjt0ZW5hbnRJZD00ZmZjMGIyOS1kOWM1LTQxMGUtODMxNy05OGZlODFhMGQ2NjU=",
            "object_id": "fdebb068-ee10-4d14-96c8-9a537cd320c0",
            "subscription_id": "47d4f7c1-0c3b-462f-bda1-030cc70a5ae2",
            "tenant_id": "4ffc0b29-d9c5-410e-8317-98fe81a0d665",
            "timeouts": null
          },
          "sensitive_attributes": []
        }
      ]
    },
    {
      "module": "module.keyvault",
      "mode": "managed",
      "type": "azurerm_key_vault",
      "name": "keyvault",
      "provider": "provider[\"registry.terraform.io/hashicorp/azurerm\"]",
      "instances": [
        {
          "schema_version": 2,
          "attributes": {
            "access_policy": [],
            "contact": [],
            "enable_rbac_authorization": true,
            "enabled_for_deployment": false,
            "enabled_for_disk_encryption": false,
            "enabled_for_template_deployment": false,
            "id": "/subscriptions/47d4f7c1-0c3b-462f-bda1-030cc70a5ae2/resourceGroups/MADGLIME/providers/Microsoft.KeyVault/vaults/key-vault-codi-5hcev5",
            "location": "eastus",
            "name": "key-vault-codi-5hcev5",
            "network_acls": [
              {
                "bypass": "AzureServices",
                "default_action": "Allow",
                "ip_rules": [],
                "virtual_network_subnet_ids": []
              }
            ],
            "public_network_access_enabled": true,
            "purge_protection_enabled": false,
            "resource_group_name": "MADGLIME",
            "sku_name": "standard",
            "soft_delete_retention_days": 7,
            "tags": null,
            "tenant_id": "4ffc0b29-d9c5-410e-8317-98fe81a0d665",
            "timeouts": null,
            "vault_uri": "https://key-vault-codi-5hcev5.vault.azure.net/"
          },
          "sensitive_attributes": [],
          "private": "eyJlMmJmYjczMC1lY2FhLTExZTYtOGY4OC0zNDM2M2JjN2M0YzAiOnsiY3JlYXRlIjoxODAwMDAwMDAwMDAwLCJkZWxldGUiOjE4MDAwMDAwMDAwMDAsInJlYWQiOjMwMDAwMDAwMDAwMCwidXBkYXRlIjoxODAwMDAwMDAwMDAwfSwic2NoZW1hX3ZlcnNpb24iOiIyIn0=",
          "dependencies": [
            "module.keyvault.data.azurerm_client_config.current",
            "module.keyvault.random_string.random",
            "module.rg.azurerm_resource_group.rg"
          ]
        }
      ]
    },
    {
      "module": "module.keyvault",
      "mode": "managed",
      "type": "azurerm_key_vault_certificate",
      "name": "certificate",
      "provider": "provider[\"registry.terraform.io/hashicorp/azurerm\"]",
      "instances": [
        {
          "schema_version": 0,
          "attributes": {
            "certificate": [],
            "certificate_attribute": [
              {
                "created": "2024-05-23T05:58:07Z",
                "enabled": true,
                "expires": "2025-05-23T05:58:05Z",
                "not_before": "2024-05-23T05:48:05Z",
                "recovery_level": "CustomizedRecoverable+Purgeable",
                "updated": "2024-05-23T05:58:07Z"
              }
            ],
            "certificate_data": "308203453082022DA00302010202106855E461FC904F1AB15A365C88E93510300D06092A864886F70D01010B05003017311530130603550403130C676F6C6631332E636C6F7564301E170D3234303532333035343830355A170D3235303532333035353830355A3017311530130603550403130C676F6C6631332E636C6F756430820122300D06092A864886F70D01010105000382010F003082010A0282010100D065DE7B51E1F47E58D1EE0D3C6D5155F6D479C8E22C2C0336A6F64C758F8846895B72285414F488946FDD399FF316A9EBC77B2993A0806A52F37A81F76CDBD84D80C314CE2BF332D0E83230CD28DBC9BCEFA1BFC2901B5A7DFCB0DA7766F538DCF44D8B00FF09C5AB20290D93562606EEED145C6545AD77D26D7AB6F3877371A7AC9F4E9756CC32CFF7BAB013ED5D61808474532611CA05ABD1088937E8FFDDD774BF742E667426C14FC53040C801C4FB1C1B2EE5D45DA85DDF242DEB3490534410CD27F9CF02D43E18A0F1A77B8D0DCE846746689600D36940976EA129D8E2466688C9181E23044C3A6F840C5E11757E3734096DB3450AB3216841BE6304710203010001A3818C308189300E0603551D0F0101FF0404030205A030090603551D130402300030130603551D25040C300A06082B0601050507030130170603551D110410300E820C676F6C6631332E636C6F7564301F0603551D23041830168014A4C829FEDDEA4272F26FB2ABE9D52115106DB07B301D0603551D0E04160414A4C829FEDDEA4272F26FB2ABE9D52115106DB07B300D06092A864886F70D01010B050003820101001D3360273501F44BD6F34441B685C500B79DCD546D85065DE954B7362E69A2EC8D02CD0CCA2894AC1324850D4D1DAE32512CD3E87ABE1B93AF4A4554E1362B58C2A7E32BBBDF406F12C780CC3B3F600D6A9DC1DD43555A4DF44363287FA213CE18125E300D61D823EFB90EDA0785495045FF8D00D3F8AED565AD454447C01C87ED4671CD464B0AACA10DB3C6587246E224ED13CB7D045779BB3863FC249A8F543EE0DB532DDB3B38FDB02082090696499190354699E6227DA4E1D32B898930616D2BAAF7738DC334E3267986454CF882C509962164742473BBC8DE856AAADD04473857605E204333DFD53A752706B8329188B4F6E42E763A2F62044136F3F479",
            "certificate_data_base64": "MIIDRTCCAi2gAwIBAgIQaFXkYfyQTxqxWjZciOk1EDANBgkqhkiG9w0BAQsFADAXMRUwEwYDVQQDEwxnb2xmMTMuY2xvdWQwHhcNMjQwNTIzMDU0ODA1WhcNMjUwNTIzMDU1ODA1WjAXMRUwEwYDVQQDEwxnb2xmMTMuY2xvdWQwggEiMA0GCSqGSIb3DQEBAQUAA4IBDwAwggEKAoIBAQDQZd57UeH0fljR7g08bVFV9tR5yOIsLAM2pvZMdY+IRolbcihUFPSIlG/dOZ/zFqnrx3spk6CAalLzeoH3bNvYTYDDFM4r8zLQ6DIwzSjbybzvob/CkBtaffyw2ndm9Tjc9E2LAP8JxasgKQ2TViYG7u0UXGVFrXfSbXq284dzcaesn06XVswyz/e6sBPtXWGAhHRTJhHKBavRCIk36P/d13S/dC5mdCbBT8UwQMgBxPscGy7l1F2oXd8kLes0kFNEEM0n+c8C1D4YoPGne40NzoRnRmiWANNpQJduoSnY4kZmiMkYHiMETDpvhAxeEXV+NzQJbbNFCrMhaEG+YwRxAgMBAAGjgYwwgYkwDgYDVR0PAQH/BAQDAgWgMAkGA1UdEwQCMAAwEwYDVR0lBAwwCgYIKwYBBQUHAwEwFwYDVR0RBBAwDoIMZ29sZjEzLmNsb3VkMB8GA1UdIwQYMBaAFKTIKf7d6kJy8m+yq+nVIRUQbbB7MB0GA1UdDgQWBBSkyCn+3epCcvJvsqvp1SEVEG2wezANBgkqhkiG9w0BAQsFAAOCAQEAHTNgJzUB9EvW80RBtoXFALedzVRthQZd6VS3Ni5pouyNAs0MyiiUrBMkhQ1NHa4yUSzT6Hq+G5OvSkVU4TYrWMKn4yu730BvEseAzDs/YA1qncHdQ1VaTfRDYyh/ohPOGBJeMA1h2CPvuQ7aB4VJUEX/jQDT+K7VZa1FREfAHIftRnHNRksKrKENs8ZYckbiJO0Ty30EV3m7OGP8JJqPVD7g21Mt2zs4/bAgggkGlkmRkDVGmeYifaTh0yuJiTBhbSuq93ONwzTjJnmGRUz4gsUJliFkdCRzu8jehWqq3QRHOFdgXiBDM9/VOnUnBrgykYi09uQudjovYgRBNvP0eQ==",
            "certificate_policy": [
              {
                "issuer_parameters": [
                  {
                    "name": "Self"
                  }
                ],
                "key_properties": [
                  {
                    "curve": "",
                    "exportable": true,
                    "key_size": 2048,
                    "key_type": "RSA",
                    "reuse_key": true
                  }
                ],
                "lifetime_action": [
                  {
                    "action": [
                      {
                        "action_type": "AutoRenew"
                      }
                    ],
                    "trigger": [
                      {
                        "days_before_expiry": 30,
                        "lifetime_percentage": 0
                      }
                    ]
                  }
                ],
                "secret_properties": [
                  {
                    "content_type": "application/x-pkcs12"
                  }
                ],
                "x509_certificate_properties": [
                  {
                    "extended_key_usage": [
                      "1.3.6.1.5.5.7.3.1"
                    ],
                    "key_usage": [
                      "digitalSignature",
                      "keyEncipherment"
                    ],
                    "subject": "CN=golf13.cloud",
                    "subject_alternative_names": [
                      {
                        "dns_names": [
                          "golf13.cloud"
                        ],
                        "emails": null,
                        "upns": null
                      }
                    ],
                    "validity_in_months": 12
                  }
                ]
              }
            ],
            "id": "https://key-vault-codi-5hcev5.vault.azure.net/certificates/golf13-cloud/d79c418939d54faf9b814adf3a6a23aa",
            "key_vault_id": "/subscriptions/47d4f7c1-0c3b-462f-bda1-030cc70a5ae2/resourceGroups/MADGLIME/providers/Microsoft.KeyVault/vaults/key-vault-codi-5hcev5",
            "name": "golf13-cloud",
            "resource_manager_id": "/subscriptions/47d4f7c1-0c3b-462f-bda1-030cc70a5ae2/resourceGroups/MADGLIME/providers/Microsoft.KeyVault/vaults/key-vault-codi-5hcev5/certificates/golf13-cloud/versions/d79c418939d54faf9b814adf3a6a23aa",
            "resource_manager_versionless_id": "/subscriptions/47d4f7c1-0c3b-462f-bda1-030cc70a5ae2/resourceGroups/MADGLIME/providers/Microsoft.KeyVault/vaults/key-vault-codi-5hcev5/certificates/golf13-cloud",
            "secret_id": "https://key-vault-codi-5hcev5.vault.azure.net/secrets/golf13-cloud/d79c418939d54faf9b814adf3a6a23aa",
            "tags": null,
            "thumbprint": "536F63E99A75A48600A1AAF21274DF360D77EEB5",
            "timeouts": null,
            "version": "d79c418939d54faf9b814adf3a6a23aa",
            "versionless_id": "https://key-vault-codi-5hcev5.vault.azure.net/certificates/golf13-cloud",
            "versionless_secret_id": "https://key-vault-codi-5hcev5.vault.azure.net/secrets/golf13-cloud"
          },
          "sensitive_attributes": [],
          "private": "eyJlMmJmYjczMC1lY2FhLTExZTYtOGY4OC0zNDM2M2JjN2M0YzAiOnsiY3JlYXRlIjozNjAwMDAwMDAwMDAwLCJkZWxldGUiOjE4MDAwMDAwMDAwMDAsInJlYWQiOjE4MDAwMDAwMDAwMDAsInVwZGF0ZSI6MTgwMDAwMDAwMDAwMH19",
          "dependencies": [
            "module.keyvault.azurerm_key_vault.keyvault",
            "module.keyvault.azurerm_role_assignment.role-cert-officer",
            "module.keyvault.data.azurerm_client_config.current",
            "module.keyvault.random_string.random",
            "module.rg.azurerm_resource_group.rg"
          ]
        }
      ]
    },
    {
      "module": "module.keyvault",
      "mode": "managed",
      "type": "azurerm_role_assignment",
      "name": "role-cert-officer",
      "provider": "provider[\"registry.terraform.io/hashicorp/azurerm\"]",
      "instances": [
        {
          "schema_version": 0,
          "attributes": {
            "condition": "",
            "condition_version": "",
            "delegated_managed_identity_resource_id": "",
            "description": "",
            "id": "/subscriptions/47d4f7c1-0c3b-462f-bda1-030cc70a5ae2/resourceGroups/MADGLIME/providers/Microsoft.KeyVault/vaults/key-vault-codi-5hcev5/providers/Microsoft.Authorization/roleAssignments/b445b28c-d2a4-1651-ad38-2f9f7c9868d0",
            "name": "b445b28c-d2a4-1651-ad38-2f9f7c9868d0",
            "principal_id": "fdebb068-ee10-4d14-96c8-9a537cd320c0",
            "principal_type": "User",
            "role_definition_id": "/subscriptions/47d4f7c1-0c3b-462f-bda1-030cc70a5ae2/providers/Microsoft.Authorization/roleDefinitions/a4417e6f-fecd-4de8-b567-7b0420556985",
            "role_definition_name": "Key Vault Certificates Officer",
            "scope": "/subscriptions/47d4f7c1-0c3b-462f-bda1-030cc70a5ae2/resourceGroups/MADGLIME/providers/Microsoft.KeyVault/vaults/key-vault-codi-5hcev5",
            "skip_service_principal_aad_check": null,
            "timeouts": null
          },
          "sensitive_attributes": [],
          "private": "eyJlMmJmYjczMC1lY2FhLTExZTYtOGY4OC0zNDM2M2JjN2M0YzAiOnsiY3JlYXRlIjoxODAwMDAwMDAwMDAwLCJkZWxldGUiOjE4MDAwMDAwMDAwMDAsInJlYWQiOjMwMDAwMDAwMDAwMH19",
          "dependencies": [
            "module.keyvault.azurerm_key_vault.keyvault",
            "module.keyvault.data.azurerm_client_config.current",
            "module.keyvault.random_string.random",
            "module.rg.azurerm_resource_group.rg"
          ]
        }
      ]
    },
    {
      "module": "module.keyvault",
      "mode": "managed",
      "type": "random_string",
      "name": "random",
      "provider": "provider[\"registry.terraform.io/hashicorp/random\"]",
      "instances": [
        {
          "schema_version": 2,
          "attributes": {
            "id": "5hcev5",
            "keepers": null,
            "length": 6,
            "lower": true,
            "min_lower": 0,
            "min_numeric": 0,
            "min_special": 0,
            "min_upper": 0,
            "number": true,
            "numeric": true,
            "override_special": null,
            "result": "5hcev5",
            "special": false,
            "upper": false
          },
          "sensitive_attributes": []
        }
      ]
    },
    {
      "module": "module.nsg",
      "mode": "managed",
      "type": "azurerm_network_security_group",
      "name": "aca-nsg",
      "provider": "provider[\"registry.terraform.io/hashicorp/azurerm\"]",
      "instances": [
        {
          "schema_version": 0,
          "attributes": {
            "id": "/subscriptions/47d4f7c1-0c3b-462f-bda1-030cc70a5ae2/resourceGroups/MADGLIME/providers/Microsoft.Network/networkSecurityGroups/aca-nsg",
            "location": "eastus",
            "name": "aca-nsg",
            "resource_group_name": "MADGLIME",
            "security_rule": [
              {
                "access": "Allow",
                "description": "",
                "destination_address_prefix": "*",
                "destination_address_prefixes": [],
                "destination_application_security_group_ids": [],
                "destination_port_range": "443",
                "destination_port_ranges": [],
                "direction": "Inbound",
                "name": "allow_https",
                "priority": 102,
                "protocol": "Tcp",
                "source_address_prefix": "*",
                "source_address_prefixes": [],
                "source_application_security_group_ids": [],
                "source_port_range": "*",
                "source_port_ranges": []
              },
              {
                "access": "Allow",
                "description": "",
                "destination_address_prefix": "*",
                "destination_address_prefixes": [],
                "destination_application_security_group_ids": [],
                "destination_port_range": "65200-65535",
                "destination_port_ranges": [],
                "direction": "Inbound",
                "name": "65200-65535",
                "priority": 103,
                "protocol": "Tcp",
                "source_address_prefix": "*",
                "source_address_prefixes": [],
                "source_application_security_group_ids": [],
                "source_port_range": "*",
                "source_port_ranges": []
              },
              {
                "access": "Allow",
                "description": "",
                "destination_address_prefix": "*",
                "destination_address_prefixes": [],
                "destination_application_security_group_ids": [],
                "destination_port_range": "80",
                "destination_port_ranges": [],
                "direction": "Inbound",
                "name": "allow_http",
                "priority": 101,
                "protocol": "Tcp",
                "source_address_prefix": "*",
                "source_address_prefixes": [],
                "source_application_security_group_ids": [],
                "source_port_range": "*",
                "source_port_ranges": []
              },
              {
                "access": "Deny",
                "description": "",
                "destination_address_prefix": "*",
                "destination_address_prefixes": [],
                "destination_application_security_group_ids": [],
                "destination_port_range": "*",
                "destination_port_ranges": [],
                "direction": "Inbound",
                "name": "DENY_ALL",
                "priority": 1000,
                "protocol": "*",
                "source_address_prefix": "*",
                "source_address_prefixes": [],
                "source_application_security_group_ids": [],
                "source_port_range": "*",
                "source_port_ranges": []
              }
            ],
            "tags": null,
            "timeouts": null
          },
          "sensitive_attributes": [],
          "private": "eyJlMmJmYjczMC1lY2FhLTExZTYtOGY4OC0zNDM2M2JjN2M0YzAiOnsiY3JlYXRlIjoxODAwMDAwMDAwMDAwLCJkZWxldGUiOjE4MDAwMDAwMDAwMDAsInJlYWQiOjMwMDAwMDAwMDAwMCwidXBkYXRlIjoxODAwMDAwMDAwMDAwfX0=",
          "dependencies": [
            "module.rg.azurerm_resource_group.rg"
          ]
        }
      ]
    },
    {
      "module": "module.nsg",
      "mode": "managed",
      "type": "azurerm_subnet_network_security_group_association",
      "name": "aca_nsg_association",
      "provider": "provider[\"registry.terraform.io/hashicorp/azurerm\"]",
      "instances": [
        {
          "schema_version": 0,
          "attributes": {
            "id": "/subscriptions/47d4f7c1-0c3b-462f-bda1-030cc70a5ae2/resourceGroups/MADGLIME/providers/Microsoft.Network/virtualNetworks/aca_vnet/subnets/appgw-subnet",
            "network_security_group_id": "/subscriptions/47d4f7c1-0c3b-462f-bda1-030cc70a5ae2/resourceGroups/MADGLIME/providers/Microsoft.Network/networkSecurityGroups/aca-nsg",
            "subnet_id": "/subscriptions/47d4f7c1-0c3b-462f-bda1-030cc70a5ae2/resourceGroups/MADGLIME/providers/Microsoft.Network/virtualNetworks/aca_vnet/subnets/appgw-subnet",
            "timeouts": null
          },
          "sensitive_attributes": [],
          "private": "eyJlMmJmYjczMC1lY2FhLTExZTYtOGY4OC0zNDM2M2JjN2M0YzAiOnsiY3JlYXRlIjoxODAwMDAwMDAwMDAwLCJkZWxldGUiOjE4MDAwMDAwMDAwMDAsInJlYWQiOjMwMDAwMDAwMDAwMH19",
          "dependencies": [
            "module.appgtw_subnet.azurerm_subnet.subnet",
            "module.nsg.azurerm_network_security_group.aca-nsg",
            "module.rg.azurerm_resource_group.rg",
            "module.vnet.azurerm_virtual_network.vnet"
          ]
        }
      ]
    },
    {
      "module": "module.privatedns",
      "mode": "managed",
      "type": "azurerm_private_dns_a_record",
      "name": "dns_a_record",
      "provider": "provider[\"registry.terraform.io/hashicorp/azurerm\"]",
      "instances": [
        {
          "schema_version": 0,
          "attributes": {
            "fqdn": "mangosea-d68c0178.eastus.azurecontainerapps.io.",
            "id": "/subscriptions/47d4f7c1-0c3b-462f-bda1-030cc70a5ae2/resourceGroups/MADGLIME/providers/Microsoft.Network/privateDnsZones/mangosea-d68c0178.eastus.azurecontainerapps.io/A/@",
            "name": "@",
            "records": [
              "192.168.1.4"
            ],
            "resource_group_name": "MADGLIME",
            "tags": null,
            "timeouts": null,
            "ttl": 300,
            "zone_name": "mangosea-d68c0178.eastus.azurecontainerapps.io"
          },
          "sensitive_attributes": [],
          "private": "eyJlMmJmYjczMC1lY2FhLTExZTYtOGY4OC0zNDM2M2JjN2M0YzAiOnsiY3JlYXRlIjoxODAwMDAwMDAwMDAwLCJkZWxldGUiOjE4MDAwMDAwMDAwMDAsInJlYWQiOjMwMDAwMDAwMDAwMCwidXBkYXRlIjoxODAwMDAwMDAwMDAwfX0=",
          "dependencies": [
            "module.aca_env.azurerm_container_app_environment.aca-environment",
            "module.aca_subnet.azurerm_subnet.subnet",
            "module.privatedns.azurerm_private_dns_zone.private_zone",
            "module.rg.azurerm_resource_group.rg",
            "module.vnet.azurerm_virtual_network.vnet"
          ]
        }
      ]
    },
    {
      "module": "module.privatedns",
      "mode": "managed",
      "type": "azurerm_private_dns_a_record",
      "name": "wildcard_dns_a_record",
      "provider": "provider[\"registry.terraform.io/hashicorp/azurerm\"]",
      "instances": [
        {
          "schema_version": 0,
          "attributes": {
            "fqdn": "*.mangosea-d68c0178.eastus.azurecontainerapps.io.",
            "id": "/subscriptions/47d4f7c1-0c3b-462f-bda1-030cc70a5ae2/resourceGroups/MADGLIME/providers/Microsoft.Network/privateDnsZones/mangosea-d68c0178.eastus.azurecontainerapps.io/A/*",
            "name": "*",
            "records": [
              "192.168.1.4"
            ],
            "resource_group_name": "MADGLIME",
            "tags": null,
            "timeouts": null,
            "ttl": 300,
            "zone_name": "mangosea-d68c0178.eastus.azurecontainerapps.io"
          },
          "sensitive_attributes": [],
          "private": "eyJlMmJmYjczMC1lY2FhLTExZTYtOGY4OC0zNDM2M2JjN2M0YzAiOnsiY3JlYXRlIjoxODAwMDAwMDAwMDAwLCJkZWxldGUiOjE4MDAwMDAwMDAwMDAsInJlYWQiOjMwMDAwMDAwMDAwMCwidXBkYXRlIjoxODAwMDAwMDAwMDAwfX0=",
          "dependencies": [
            "module.aca_env.azurerm_container_app_environment.aca-environment",
            "module.aca_subnet.azurerm_subnet.subnet",
            "module.privatedns.azurerm_private_dns_zone.private_zone",
            "module.rg.azurerm_resource_group.rg",
            "module.vnet.azurerm_virtual_network.vnet"
          ]
        }
      ]
    },
    {
      "module": "module.privatedns",
      "mode": "managed",
      "type": "azurerm_private_dns_zone",
      "name": "private_zone",
      "provider": "provider[\"registry.terraform.io/hashicorp/azurerm\"]",
      "instances": [
        {
          "schema_version": 0,
          "attributes": {
            "id": "/subscriptions/47d4f7c1-0c3b-462f-bda1-030cc70a5ae2/resourceGroups/MADGLIME/providers/Microsoft.Network/privateDnsZones/mangosea-d68c0178.eastus.azurecontainerapps.io",
            "max_number_of_record_sets": 25000,
            "max_number_of_virtual_network_links": 1000,
            "max_number_of_virtual_network_links_with_registration": 100,
            "name": "mangosea-d68c0178.eastus.azurecontainerapps.io",
            "number_of_record_sets": 1,
            "resource_group_name": "MADGLIME",
            "soa_record": [
              {
                "email": "azureprivatedns-host.microsoft.com",
                "expire_time": 2419200,
                "fqdn": "mangosea-d68c0178.eastus.azurecontainerapps.io.",
                "host_name": "azureprivatedns.net",
                "minimum_ttl": 10,
                "refresh_time": 3600,
                "retry_time": 300,
                "serial_number": 1,
                "tags": {},
                "ttl": 3600
              }
            ],
            "tags": null,
            "timeouts": null
          },
          "sensitive_attributes": [],
          "private": "eyJlMmJmYjczMC1lY2FhLTExZTYtOGY4OC0zNDM2M2JjN2M0YzAiOnsiY3JlYXRlIjoxODAwMDAwMDAwMDAwLCJkZWxldGUiOjE4MDAwMDAwMDAwMDAsInJlYWQiOjMwMDAwMDAwMDAwMCwidXBkYXRlIjoxODAwMDAwMDAwMDAwfX0=",
          "dependencies": [
            "module.aca_env.azurerm_container_app_environment.aca-environment",
            "module.aca_subnet.azurerm_subnet.subnet",
            "module.rg.azurerm_resource_group.rg",
            "module.vnet.azurerm_virtual_network.vnet"
          ]
        }
      ]
    },
    {
      "module": "module.privatedns",
      "mode": "managed",
      "type": "azurerm_private_dns_zone_virtual_network_link",
      "name": "dns_to_vnet",
      "provider": "provider[\"registry.terraform.io/hashicorp/azurerm\"]",
      "instances": [
        {
          "schema_version": 0,
          "attributes": {
            "id": "/subscriptions/47d4f7c1-0c3b-462f-bda1-030cc70a5ae2/resourceGroups/MADGLIME/providers/Microsoft.Network/privateDnsZones/mangosea-d68c0178.eastus.azurecontainerapps.io/virtualNetworkLinks/dns_to_vnet",
            "name": "dns_to_vnet",
            "private_dns_zone_name": "mangosea-d68c0178.eastus.azurecontainerapps.io",
            "registration_enabled": false,
            "resource_group_name": "MADGLIME",
            "tags": null,
            "timeouts": null,
            "virtual_network_id": "/subscriptions/47d4f7c1-0c3b-462f-bda1-030cc70a5ae2/resourceGroups/MADGLIME/providers/Microsoft.Network/virtualNetworks/aca_vnet"
          },
          "sensitive_attributes": [],
          "private": "eyJlMmJmYjczMC1lY2FhLTExZTYtOGY4OC0zNDM2M2JjN2M0YzAiOnsiY3JlYXRlIjoxODAwMDAwMDAwMDAwLCJkZWxldGUiOjE4MDAwMDAwMDAwMDAsInJlYWQiOjMwMDAwMDAwMDAwMCwidXBkYXRlIjoxODAwMDAwMDAwMDAwfX0=",
          "dependencies": [
            "module.aca_env.azurerm_container_app_environment.aca-environment",
            "module.aca_subnet.azurerm_subnet.subnet",
            "module.privatedns.azurerm_private_dns_zone.private_zone",
            "module.rg.azurerm_resource_group.rg",
            "module.vnet.azurerm_virtual_network.vnet"
          ]
        }
      ]
    },
    {
      "module": "module.publicdns",
      "mode": "managed",
      "type": "azurerm_dns_a_record",
      "name": "appgateway_a_record",
      "provider": "provider[\"registry.terraform.io/hashicorp/azurerm\"]",
      "instances": [
        {
          "schema_version": 1,
          "attributes": {
            "fqdn": "golf13.cloud.",
            "id": "/subscriptions/47d4f7c1-0c3b-462f-bda1-030cc70a5ae2/resourceGroups/MADGLIME/providers/Microsoft.Network/dnsZones/golf13.cloud/A/@",
            "name": "@",
            "records": [
              "51.8.35.185"
            ],
            "resource_group_name": "MADGLIME",
            "tags": null,
            "target_resource_id": "",
            "timeouts": null,
            "ttl": 300,
            "zone_name": "golf13.cloud"
          },
          "sensitive_attributes": [],
          "private": "eyJlMmJmYjczMC1lY2FhLTExZTYtOGY4OC0zNDM2M2JjN2M0YzAiOnsiY3JlYXRlIjoxODAwMDAwMDAwMDAwLCJkZWxldGUiOjE4MDAwMDAwMDAwMDAsInJlYWQiOjMwMDAwMDAwMDAwMCwidXBkYXRlIjoxODAwMDAwMDAwMDAwfSwic2NoZW1hX3ZlcnNpb24iOiIxIn0=",
          "dependencies": [
            "module.appgtw.azurerm_public_ip.appgateway_ip",
            "module.publicdns.azurerm_dns_zone.public_dns_zone",
            "module.rg.azurerm_resource_group.rg"
          ]
        }
      ]
    },
    {
      "module": "module.publicdns",
      "mode": "managed",
      "type": "azurerm_dns_zone",
      "name": "public_dns_zone",
      "provider": "provider[\"registry.terraform.io/hashicorp/azurerm\"]",
      "instances": [
        {
          "schema_version": 2,
          "attributes": {
            "id": "/subscriptions/47d4f7c1-0c3b-462f-bda1-030cc70a5ae2/resourceGroups/MADGLIME/providers/Microsoft.Network/dnsZones/golf13.cloud",
            "max_number_of_record_sets": 10000,
            "name": "golf13.cloud",
            "name_servers": [
              "ns1-36.azure-dns.com.",
              "ns2-36.azure-dns.net.",
              "ns3-36.azure-dns.org.",
              "ns4-36.azure-dns.info."
            ],
            "number_of_record_sets": 2,
            "resource_group_name": "MADGLIME",
            "soa_record": [
              {
                "email": "azuredns-hostmaster.microsoft.com",
                "expire_time": 2419200,
                "fqdn": "golf13.cloud.",
                "host_name": "ns1-36.azure-dns.com.",
                "minimum_ttl": 300,
                "refresh_time": 3600,
                "retry_time": 300,
                "serial_number": 1,
                "tags": {},
                "ttl": 3600
              }
            ],
            "tags": null,
            "timeouts": null
          },
          "sensitive_attributes": [],
          "private": "eyJlMmJmYjczMC1lY2FhLTExZTYtOGY4OC0zNDM2M2JjN2M0YzAiOnsiY3JlYXRlIjoxODAwMDAwMDAwMDAwLCJkZWxldGUiOjE4MDAwMDAwMDAwMDAsInJlYWQiOjMwMDAwMDAwMDAwMCwidXBkYXRlIjoxODAwMDAwMDAwMDAwfSwic2NoZW1hX3ZlcnNpb24iOiIyIn0=",
          "dependencies": [
            "module.rg.azurerm_resource_group.rg"
          ]
        }
      ]
    },
    {
      "module": "module.rg",
      "mode": "managed",
      "type": "azurerm_resource_group",
      "name": "rg",
      "provider": "provider[\"registry.terraform.io/hashicorp/azurerm\"]",
      "instances": [
        {
          "schema_version": 0,
          "attributes": {
            "id": "/subscriptions/47d4f7c1-0c3b-462f-bda1-030cc70a5ae2/resourceGroups/MADGLIME",
            "location": "eastus",
            "managed_by": "",
            "name": "MADGLIME",
            "tags": {},
            "timeouts": null
          },
          "sensitive_attributes": [],
          "private": "eyJlMmJmYjczMC1lY2FhLTExZTYtOGY4OC0zNDM2M2JjN2M0YzAiOnsiY3JlYXRlIjo1NDAwMDAwMDAwMDAwLCJkZWxldGUiOjU0MDAwMDAwMDAwMDAsInJlYWQiOjMwMDAwMDAwMDAwMCwidXBkYXRlIjo1NDAwMDAwMDAwMDAwfX0="
        }
      ]
    },
    {
      "module": "module.uai",
      "mode": "managed",
      "type": "azurerm_role_assignment",
      "name": "identity-appgw-secret-user",
      "provider": "provider[\"registry.terraform.io/hashicorp/azurerm\"]",
      "instances": [
        {
          "schema_version": 0,
          "attributes": {
            "condition": "",
            "condition_version": "",
            "delegated_managed_identity_resource_id": "",
            "description": "",
            "id": "/subscriptions/47d4f7c1-0c3b-462f-bda1-030cc70a5ae2/resourceGroups/MADGLIME/providers/Microsoft.KeyVault/vaults/key-vault-codi-5hcev5/providers/Microsoft.Authorization/roleAssignments/d3311c96-2a57-0e9e-355b-c35cc314cfad",
            "name": "d3311c96-2a57-0e9e-355b-c35cc314cfad",
            "principal_id": "42fc5a02-8241-450c-8c6b-67b21e668d11",
            "principal_type": "ServicePrincipal",
            "role_definition_id": "/subscriptions/47d4f7c1-0c3b-462f-bda1-030cc70a5ae2/providers/Microsoft.Authorization/roleDefinitions/4633458b-17de-408a-b874-0445c86b69e6",
            "role_definition_name": "Key Vault Secrets User",
            "scope": "/subscriptions/47d4f7c1-0c3b-462f-bda1-030cc70a5ae2/resourceGroups/MADGLIME/providers/Microsoft.KeyVault/vaults/key-vault-codi-5hcev5",
            "skip_service_principal_aad_check": null,
            "timeouts": null
          },
          "sensitive_attributes": [],
          "private": "eyJlMmJmYjczMC1lY2FhLTExZTYtOGY4OC0zNDM2M2JjN2M0YzAiOnsiY3JlYXRlIjoxODAwMDAwMDAwMDAwLCJkZWxldGUiOjE4MDAwMDAwMDAwMDAsInJlYWQiOjMwMDAwMDAwMDAwMH19",
          "dependencies": [
            "module.keyvault.azurerm_key_vault.keyvault",
            "module.keyvault.data.azurerm_client_config.current",
            "module.keyvault.random_string.random",
            "module.rg.azurerm_resource_group.rg",
            "module.uai.azurerm_user_assigned_identity.uai"
          ]
        }
      ]
    },
    {
      "module": "module.uai",
      "mode": "managed",
      "type": "azurerm_user_assigned_identity",
      "name": "uai",
      "provider": "provider[\"registry.terraform.io/hashicorp/azurerm\"]",
      "instances": [
        {
          "schema_version": 1,
          "attributes": {
            "client_id": "4d2c1a0a-8ed9-4e1b-a164-a1220fd46cd2",
            "id": "/subscriptions/47d4f7c1-0c3b-462f-bda1-030cc70a5ae2/resourceGroups/MADGLIME/providers/Microsoft.ManagedIdentity/userAssignedIdentities/uai",
            "location": "eastus",
            "name": "uai",
            "principal_id": "42fc5a02-8241-450c-8c6b-67b21e668d11",
            "resource_group_name": "MADGLIME",
            "tags": null,
            "tenant_id": "4ffc0b29-d9c5-410e-8317-98fe81a0d665",
            "timeouts": null
          },
          "sensitive_attributes": [],
          "private": "eyJlMmJmYjczMC1lY2FhLTExZTYtOGY4OC0zNDM2M2JjN2M0YzAiOnsiY3JlYXRlIjoxODAwMDAwMDAwMDAwLCJkZWxldGUiOjE4MDAwMDAwMDAwMDAsInJlYWQiOjMwMDAwMDAwMDAwMCwidXBkYXRlIjoxODAwMDAwMDAwMDAwfSwic2NoZW1hX3ZlcnNpb24iOiIxIn0=",
          "dependencies": [
            "module.rg.azurerm_resource_group.rg"
          ]
        }
      ]
    },
    {
      "module": "module.vnet",
      "mode": "managed",
      "type": "azurerm_virtual_network",
      "name": "vnet",
      "provider": "provider[\"registry.terraform.io/hashicorp/azurerm\"]",
      "instances": [
        {
          "schema_version": 0,
          "attributes": {
            "address_space": [
              "192.168.0.0/16"
            ],
            "bgp_community": "",
            "ddos_protection_plan": [],
            "dns_servers": [],
            "edge_zone": "",
            "encryption": [],
            "flow_timeout_in_minutes": 0,
            "guid": "93569b35-36ba-4f34-b912-a6cf633cebbb",
            "id": "/subscriptions/47d4f7c1-0c3b-462f-bda1-030cc70a5ae2/resourceGroups/MADGLIME/providers/Microsoft.Network/virtualNetworks/aca_vnet",
            "location": "eastus",
            "name": "aca_vnet",
            "resource_group_name": "MADGLIME",
            "subnet": [
              {
                "address_prefix": "192.168.1.0/27",
                "id": "/subscriptions/47d4f7c1-0c3b-462f-bda1-030cc70a5ae2/resourceGroups/MADGLIME/providers/Microsoft.Network/virtualNetworks/aca_vnet/subnets/aca_subnet",
                "name": "aca_subnet",
                "security_group": ""
              }
            ],
            "tags": {},
            "timeouts": null
          },
          "sensitive_attributes": [],
          "private": "eyJlMmJmYjczMC1lY2FhLTExZTYtOGY4OC0zNDM2M2JjN2M0YzAiOnsiY3JlYXRlIjoxODAwMDAwMDAwMDAwLCJkZWxldGUiOjE4MDAwMDAwMDAwMDAsInJlYWQiOjMwMDAwMDAwMDAwMCwidXBkYXRlIjoxODAwMDAwMDAwMDAwfX0=",
          "dependencies": [
            "module.rg.azurerm_resource_group.rg"
          ]
        }
      ]
    },
    {
      "module": "module.waf",
      "mode": "managed",
      "type": "azurerm_web_application_firewall_policy",
      "name": "waf_policy",
      "provider": "provider[\"registry.terraform.io/hashicorp/azurerm\"]",
      "instances": [
        {
          "schema_version": 1,
          "attributes": {
            "custom_rules": [
              {
                "action": "Block",
                "enabled": true,
                "group_rate_limit_by": "",
                "match_conditions": [
                  {
                    "match_values": [
                      "192.168.1.0/24",
                      "10.0.0.0/24"
                    ],
                    "match_variables": [
                      {
                        "selector": "",
                        "variable_name": "RemoteAddr"
                      }
                    ],
                    "negation_condition": false,
                    "operator": "IPMatch",
                    "transforms": null
                  }
                ],
                "name": "RuleTest1",
                "priority": 1,
                "rate_limit_duration": "",
                "rate_limit_threshold": 0,
                "rule_type": "MatchRule"
              },
              {
                "action": "Block",
                "enabled": true,
                "group_rate_limit_by": "",
                "match_conditions": [
                  {
                    "match_values": [
                      "RU"
                    ],
                    "match_variables": [
                      {
                        "selector": "",
                        "variable_name": "RemoteAddr"
                      }
                    ],
                    "negation_condition": false,
                    "operator": "GeoMatch",
                    "transforms": null
                  }
                ],
                "name": "RuleTest2",
                "priority": 2,
                "rate_limit_duration": "",
                "rate_limit_threshold": 0,
                "rule_type": "MatchRule"
              }
            ],
            "http_listener_ids": [],
            "id": "/subscriptions/47d4f7c1-0c3b-462f-bda1-030cc70a5ae2/resourceGroups/MADGLIME/providers/Microsoft.Network/applicationGatewayWebApplicationFirewallPolicies/waf_policy",
            "location": "eastus",
            "managed_rules": [
              {
                "exclusion": [],
                "managed_rule_set": [
                  {
                    "rule_group_override": [],
                    "type": "OWASP",
                    "version": "3.2"
                  }
                ]
              }
            ],
            "name": "waf_policy",
            "path_based_rule_ids": [],
            "policy_settings": [
              {
                "enabled": true,
                "file_upload_limit_in_mb": 100,
                "log_scrubbing": [],
                "max_request_body_size_in_kb": 128,
                "mode": "Prevention",
                "request_body_check": true,
                "request_body_inspect_limit_in_kb": 128
              }
            ],
            "resource_group_name": "MADGLIME",
            "tags": null,
            "timeouts": null
          },
          "sensitive_attributes": [],
          "private": "eyJlMmJmYjczMC1lY2FhLTExZTYtOGY4OC0zNDM2M2JjN2M0YzAiOnsiY3JlYXRlIjoxODAwMDAwMDAwMDAwLCJkZWxldGUiOjE4MDAwMDAwMDAwMDAsInJlYWQiOjMwMDAwMDAwMDAwMCwidXBkYXRlIjoxODAwMDAwMDAwMDAwfSwic2NoZW1hX3ZlcnNpb24iOiIxIn0=",
          "dependencies": [
            "module.rg.azurerm_resource_group.rg"
          ]
        }
      ]
    }
  ],
  "check_results": null
}
